// !$*UTF8*$!
{
	archiveVersion = 1;
	classes = {
	};
	objectVersion = 46;
	objects = {

/* Begin PBXBuildFile section */
		8393B4B21F248E4100598492 /* AppDelegate.swift in Sources */ = {isa = PBXBuildFile; fileRef = 8393B4B11F248E4100598492 /* AppDelegate.swift */; };
		8393B4B41F248E4100598492 /* ViewController.swift in Sources */ = {isa = PBXBuildFile; fileRef = 8393B4B31F248E4100598492 /* ViewController.swift */; };
		8393B4B71F248E4100598492 /* Main.storyboard in Resources */ = {isa = PBXBuildFile; fileRef = 8393B4B51F248E4100598492 /* Main.storyboard */; };
		8393B4B91F248E4100598492 /* Assets.xcassets in Resources */ = {isa = PBXBuildFile; fileRef = 8393B4B81F248E4100598492 /* Assets.xcassets */; };
		8393B4BC1F248E4100598492 /* LaunchScreen.storyboard in Resources */ = {isa = PBXBuildFile; fileRef = 8393B4BA1F248E4100598492 /* LaunchScreen.storyboard */; };
		8393B4CC1F248EB400598492 /* A+ – Chào Mào Mái Hót.mp3 in Resources */ = {isa = PBXBuildFile; fileRef = 8393B4C41F248EB400598492 /* A+ – Chào Mào Mái Hót.mp3 */; };
		8393B4CD1F248EB400598492 /* bird0.png in Resources */ = {isa = PBXBuildFile; fileRef = 8393B4C51F248EB400598492 /* bird0.png */; };
		8393B4CE1F248EB400598492 /* bird1.png in Resources */ = {isa = PBXBuildFile; fileRef = 8393B4C61F248EB400598492 /* bird1.png */; };
		8393B4CF1F248EB400598492 /* bird2.png in Resources */ = {isa = PBXBuildFile; fileRef = 8393B4C71F248EB400598492 /* bird2.png */; };
		8393B4D01F248EB400598492 /* bird3.png in Resources */ = {isa = PBXBuildFile; fileRef = 8393B4C81F248EB400598492 /* bird3.png */; };
		8393B4D11F248EB400598492 /* bird4.png in Resources */ = {isa = PBXBuildFile; fileRef = 8393B4C91F248EB400598492 /* bird4.png */; };
		8393B4D21F248EB400598492 /* bird5.png in Resources */ = {isa = PBXBuildFile; fileRef = 8393B4CA1F248EB400598492 /* bird5.png */; };
		8393B4D31F248EB400598492 /* jungle.jpg in Resources */ = {isa = PBXBuildFile; fileRef = 8393B4CB1F248EB400598492 /* jungle.jpg */; };
/* End PBXBuildFile section */

/* Begin PBXFileReference section */
		8393B4AE1F248E4100598492 /* BirdFly.app */ = {isa = PBXFileReference; explicitFileType = wrapper.application; includeInIndex = 0; path = BirdFly.app; sourceTree = BUILT_PRODUCTS_DIR; };
		8393B4B11F248E4100598492 /* AppDelegate.swift */ = {isa = PBXFileReference; lastKnownFileType = sourcecode.swift; path = AppDelegate.swift; sourceTree = "<group>"; };
		8393B4B31F248E4100598492 /* ViewController.swift */ = {isa = PBXFileReference; lastKnownFileType = sourcecode.swift; path = ViewController.swift; sourceTree = "<group>"; };
		8393B4B61F248E4100598492 /* Base */ = {isa = PBXFileReference; lastKnownFileType = file.storyboard; name = Base; path = Base.lproj/Main.storyboard; sourceTree = "<group>"; };
		8393B4B81F248E4100598492 /* Assets.xcassets */ = {isa = PBXFileReference; lastKnownFileType = folder.assetcatalog; path = Assets.xcassets; sourceTree = "<group>"; };
		8393B4BB1F248E4100598492 /* Base */ = {isa = PBXFileReference; lastKnownFileType = file.storyboard; name = Base; path = Base.lproj/LaunchScreen.storyboard; sourceTree = "<group>"; };
		8393B4BD1F248E4100598492 /* Info.plist */ = {isa = PBXFileReference; lastKnownFileType = text.plist.xml; path = Info.plist; sourceTree = "<group>"; };
		8393B4C41F248EB400598492 /* A+ – Chào Mào Mái Hót.mp3 */ = {isa = PBXFileReference; lastKnownFileType = audio.mp3; path = "A+ – Chào Mào Mái Hót.mp3"; sourceTree = "<group>"; };
		8393B4C51F248EB400598492 /* bird0.png */ = {isa = PBXFileReference; lastKnownFileType = image.png; path = bird0.png; sourceTree = "<group>"; };
		8393B4C61F248EB400598492 /* bird1.png */ = {isa = PBXFileReference; lastKnownFileType = image.png; path = bird1.png; sourceTree = "<group>"; };
		8393B4C71F248EB400598492 /* bird2.png */ = {isa = PBXFileReference; lastKnownFileType = image.png; path = bird2.png; sourceTree = "<group>"; };
		8393B4C81F248EB400598492 /* bird3.png */ = {isa = PBXFileReference; lastKnownFileType = image.png; path = bird3.png; sourceTree = "<group>"; };
		8393B4C91F248EB400598492 /* bird4.png */ = {isa = PBXFileReference; lastKnownFileType = image.png; path = bird4.png; sourceTree = "<group>"; };
		8393B4CA1F248EB400598492 /* bird5.png */ = {isa = PBXFileReference; lastKnownFileType = image.png; path = bird5.png; sourceTree = "<group>"; };
		8393B4CB1F248EB400598492 /* jungle.jpg */ = {isa = PBXFileReference; lastKnownFileType = image.jpeg; path = jungle.jpg; sourceTree = "<group>"; };
/* End PBXFileReference section */

/* Begin PBXFrameworksBuildPhase section */
		8393B4AB1F248E4100598492 /* Frameworks */ = {
			isa = PBXFrameworksBuildPhase;
			buildActionMask = 2147483647;
			files = (
			);
			runOnlyForDeploymentPostprocessing = 0;
		};
/* End PBXFrameworksBuildPhase section */

/* Begin PBXGroup section */
		8393B4A51F248E4100598492 = {
			isa = PBXGroup;
			children = (
				8393B4B01F248E4100598492 /* BirdFly */,
				8393B4AF1F248E4100598492 /* Products */,
			);
			sourceTree = "<group>";
		};
		8393B4AF1F248E4100598492 /* Products */ = {
			isa = PBXGroup;
			children = (
				8393B4AE1F248E4100598492 /* BirdFly.app */,
			);
			name = Products;
			sourceTree = "<group>";
		};
		8393B4B01F248E4100598492 /* BirdFly */ = {
			isa = PBXGroup;
			children = (
				8393B4C31F248E6600598492 /* sources */,
				8393B4B11F248E4100598492 /* AppDelegate.swift */,
				8393B4B31F248E4100598492 /* ViewController.swift */,
				8393B4B51F248E4100598492 /* Main.storyboard */,
				8393B4B81F248E4100598492 /* Assets.xcassets */,
				8393B4BA1F248E4100598492 /* LaunchScreen.storyboard */,
				8393B4BD1F248E4100598492 /* Info.plist */,
			);
			path = BirdFly;
			sourceTree = "<group>";
		};
		8393B4C31F248E6600598492 /* sources */ = {
			isa = PBXGroup;
			children = (
				8393B4C41F248EB400598492 /* A+ – Chào Mào Mái Hót.mp3 */,
				8393B4C51F248EB400598492 /* bird0.png */,
				8393B4C61F248EB400598492 /* bird1.png */,
				8393B4C71F248EB400598492 /* bird2.png */,
				8393B4C81F248EB400598492 /* bird3.png */,
				8393B4C91F248EB400598492 /* bird4.png */,
				8393B4CA1F248EB400598492 /* bird5.png */,
				8393B4CB1F248EB400598492 /* jungle.jpg */,
			);
			name = sources;
			sourceTree = "<group>";
		};
/* End PBXGroup section */

/* Begin PBXNativeTarget section */
		8393B4AD1F248E4100598492 /* BirdFly */ = {
			isa = PBXNativeTarget;
			buildConfigurationList = 8393B4C01F248E4100598492 /* Build configuration list for PBXNativeTarget "BirdFly" */;
			buildPhases = (
				8393B4AA1F248E4100598492 /* Sources */,
				8393B4AB1F248E4100598492 /* Frameworks */,
				8393B4AC1F248E4100598492 /* Resources */,
			);
			buildRules = (
			);
			dependencies = (
			);
			name = BirdFly;
			productName = BirdFly;
			productReference = 8393B4AE1F248E4100598492 /* BirdFly.app */;
			productType = "com.apple.product-type.application";
		};
/* End PBXNativeTarget section */

/* Begin PBXProject section */
		8393B4A61F248E4100598492 /* Project object */ = {
			isa = PBXProject;
			attributes = {
				LastSwiftUpdateCheck = 0830;
				LastUpgradeCheck = 0830;
				ORGANIZATIONNAME = MICIE;
				TargetAttributes = {
					8393B4AD1F248E4100598492 = {
						CreatedOnToolsVersion = 8.3.3;
						ProvisioningStyle = Automatic;
						SystemCapabilities = {
							com.apple.BackgroundModes = {
								enabled = 0;
							};
						};
					};
				};
			};
			buildConfigurationList = 8393B4A91F248E4100598492 /* Build configuration list for PBXProject "BirdFly" */;
			compatibilityVersion = "Xcode 3.2";
			developmentRegion = English;
			hasScannedForEncodings = 0;
			knownRegions = (
				en,
				Base,
			);
			mainGroup = 8393B4A51F248E4100598492;
			productRefGroup = 8393B4AF1F248E4100598492 /* Products */;
			projectDirPath = "";
			projectRoot = "";
			targets = (
				8393B4AD1F248E4100598492 /* BirdFly */,
			);
		};
/* End PBXProject section */

/* Begin PBXResourcesBuildPhase section */
		8393B4AC1F248E4100598492 /* Resources */ = {
			isa = PBXResourcesBuildPhase;
			buildActionMask = 2147483647;
			files = (
				8393B4D01F248EB400598492 /* bird3.png in Resources */,
				8393B4BC1F248E4100598492 /* LaunchScreen.storyboard in Resources */,
				8393B4D21F248EB400598492 /* bird5.png in Resources */,
				8393B4D11F248EB400598492 /* bird4.png in Resources */,
				8393B4CF1F248EB400598492 /* bird2.png in Resources */,
				8393B4B91F248E4100598492 /* Assets.xcassets in Resources */,
				8393B4CE1F248EB400598492 /* bird1.png in Resources */,
				8393B4CD1F248EB400598492 /* bird0.png in Resources */,
				8393B4CC1F248EB400598492 /* A+ – Chào Mào Mái Hót.mp3 in Resources */,
				8393B4B71F248E4100598492 /* Main.storyboard in Resources */,
				8393B4D31F248EB400598492 /* jungle.jpg in Resources */,
			);
			runOnlyForDeploymentPostprocessing = 0;
		};
/* End PBXResourcesBuildPhase section */

/* Begin PBXSourcesBuildPhase section */
		8393B4AA1F248E4100598492 /* Sources */ = {
			isa = PBXSourcesBuildPhase;
			buildActionMask = 2147483647;
			files = (
				8393B4B41F248E4100598492 /* ViewController.swift in Sources */,
				8393B4B21F248E4100598492 /* AppDelegate.swift in Sources */,
			);
			runOnlyForDeploymentPostprocessing = 0;
		};
/* End PBXSourcesBuildPhase section */

/* Begin PBXVariantGroup section */
		8393B4B51F248E4100598492 /* Main.storyboard */ = {
			isa = PBXVariantGroup;
			children = (
				8393B4B61F248E4100598492 /* Base */,
			);
			name = Main.storyboard;
			sourceTree = "<group>";
		};
		8393B4BA1F248E4100598492 /* LaunchScreen.storyboard */ = {
			isa = PBXVariantGroup;
			children = (
				8393B4BB1F248E4100598492 /* Base */,
			);
			name = LaunchScreen.storyboard;
			sourceTree = "<group>";
		};
/* End PBXVariantGroup section */

/* Begin XCBuildConfiguration section */
		8393B4BE1F248E4100598492 /* Debug */ = {
			isa = XCBuildConfiguration;
			buildSettings = {
				ALWAYS_SEARCH_USER_PATHS = NO;
				CLANG_ANALYZER_NONNULL = YES;
				CLANG_ANALYZER_NUMBER_OBJECT_CONVERSION = YES_AGGRESSIVE;
				CLANG_CXX_LANGUAGE_STANDARD = "gnu++0x";
				CLANG_CXX_LIBRARY = "libc++";
				CLANG_ENABLE_MODULES = YES;
				CLANG_ENABLE_OBJC_ARC = YES;
				CLANG_WARN_BOOL_CONVERSION = YES;
				CLANG_WARN_CONSTANT_CONVERSION = YES;
				CLANG_WARN_DIRECT_OBJC_ISA_USAGE = YES_ERROR;
				CLANG_WARN_DOCUMENTATION_COMMENTS = YES;
				CLANG_WARN_EMPTY_BODY = YES;
				CLANG_WARN_ENUM_CONVERSION = YES;
				CLANG_WARN_INFINITE_RECURSION = YES;
				CLANG_WARN_INT_CONVERSION = YES;
				CLANG_WARN_OBJC_ROOT_CLASS = YES_ERROR;
				CLANG_WARN_SUSPICIOUS_MOVE = YES;
				CLANG_WARN_UNREACHABLE_CODE = YES;
				CLANG_WARN__DUPLICATE_METHOD_MATCH = YES;
				"CODE_SIGN_IDENTITY[sdk=iphoneos*]" = "iPhone Developer";
				COPY_PHASE_STRIP = NO;
				DEBUG_INFORMATION_FORMAT = dwarf;
				ENABLE_STRICT_OBJC_MSGSEND = YES;
				ENABLE_TESTABILITY = YES;
				GCC_C_LANGUAGE_STANDARD = gnu99;
				GCC_DYNAMIC_NO_PIC = NO;
				GCC_NO_COMMON_BLOCKS = YES;
				GCC_OPTIMIZATION_LEVEL = 0;
				GCC_PREPROCESSOR_DEFINITIONS = (
					"DEBUG=1",
					"$(inherited)",
				);
				GCC_WARN_64_TO_32_BIT_CONVERSION = YES;
				GCC_WARN_ABOUT_RETURN_TYPE = YES_ERROR;
				GCC_WARN_UNDECLARED_SELECTOR = YES;
				GCC_WARN_UNINITIALIZED_AUTOS = YES_AGGRESSIVE;
				GCC_WARN_UNUSED_FUNCTION = YES;
				GCC_WARN_UNUSED_VARIABLE = YES;
				IPHONEOS_DEPLOYMENT_TARGET = 10.3;
				MTL_ENABLE_DEBUG_INFO = YES;
				ONLY_ACTIVE_ARCH = YES;
				SDKROOT = iphoneos;
				SWIFT_ACTIVE_COMPILATION_CONDITIONS = DEBUG;
				SWIFT_OPTIMIZATION_LEVEL = "-Onone";
				TARGETED_DEVICE_FAMILY = "1,2";
			};
			name = Debug;
		};
		8393B4BF1F248E4100598492 /* Release */ = {
			isa = XCBuildConfiguration;
			buildSettings = {
				ALWAYS_SEARCH_USER_PATHS = NO;
				CLANG_ANALYZER_NONNULL = YES;
				CLANG_ANALYZER_NUMBER_OBJECT_CONVERSION = YES_AGGRESSIVE;
				CLANG_CXX_LANGUAGE_STANDARD = "gnu++0x";
				CLANG_CXX_LIBRARY = "libc++";
				CLANG_ENABLE_MODULES = YES;
				CLANG_ENABLE_OBJC_ARC = YES;
				CLANG_WARN_BOOL_CONVERSION = YES;
				CLANG_WARN_CONSTANT_CONVERSION = YES;
				CLANG_WARN_DIRECT_OBJC_ISA_USAGE = YES_ERROR;
				CLANG_WARN_DOCUMENTATION_COMMENTS = YES;
				CLANG_WARN_EMPTY_BODY = YES;
				CLANG_WARN_ENUM_CONVERSION = YES;
				CLANG_WARN_INFINITE_RECURSION = YES;
				CLANG_WARN_INT_CONVERSION = YES;
				CLANG_WARN_OBJC_ROOT_CLASS = YES_ERROR;
				CLANG_WARN_SUSPICIOUS_MOVE = YES;
				CLANG_WARN_UNREACHABLE_CODE = YES;
				CLANG_WARN__DUPLICATE_METHOD_MATCH = YES;
				"CODE_SIGN_IDENTITY[sdk=iphoneos*]" = "iPhone Developer";
				COPY_PHASE_STRIP = NO;
				DEBUG_INFORMATION_FORMAT = "dwarf-with-dsym";
				ENABLE_NS_ASSERTIONS = NO;
				ENABLE_STRICT_OBJC_MSGSEND = YES;
				GCC_C_LANGUAGE_STANDARD = gnu99;
				GCC_NO_COMMON_BLOCKS = YES;
				GCC_WARN_64_TO_32_BIT_CONVERSION = YES;
				GCC_WARN_ABOUT_RETURN_TYPE = YES_ERROR;
				GCC_WARN_UNDECLARED_SELECTOR = YES;
				GCC_WARN_UNINITIALIZED_AUTOS = YES_AGGRESSIVE;
				GCC_WARN_UNUSED_FUNCTION = YES;
				GCC_WARN_UNUSED_VARIABLE = YES;
				IPHONEOS_DEPLOYMENT_TARGET = 10.3;
				MTL_ENABLE_DEBUG_INFO = NO;
				SDKROOT = iphoneos;
				SWIFT_OPTIMIZATION_LEVEL = "-Owholemodule";
				TARGETED_DEVICE_FAMILY = "1,2";
				VALIDATE_PRODUCT = YES;
			};
			name = Release;
		};
		8393B4C11F248E4100598492 /* Debug */ = {
			isa = XCBuildConfiguration;
			buildSettings = {
				ASSETCATALOG_COMPILER_APPICON_NAME = AppIcon;
				INFOPLIST_FILE = BirdFly/Info.plist;
				LD_RUNPATH_SEARCH_PATHS = "$(inherited) @executable_path/Frameworks";
				PRODUCT_BUNDLE_IDENTIFIER = MICIE.BirdFly;
				PRODUCT_NAME = "$(TARGET_NAME)";
				SWIFT_VERSION = 3.0;
			};
			name = Debug;
		};
		8393B4C21F248E4100598492 /* Release */ = {
			isa = XCBuildConfiguration;
			buildSettings = {
				ASSETCATALOG_COMPILER_APPICON_NAME = AppIcon;
				INFOPLIST_FILE = BirdFly/Info.plist;
				LD_RUNPATH_SEARCH_PATHS = "$(inherited) @executable_path/Frameworks";
				PRODUCT_BUNDLE_IDENTIFIER = MICIE.BirdFly;
				PRODUCT_NAME = "$(TARGET_NAME)";
				SWIFT_VERSION = 3.0;
			};
			name = Release;
		};
/* End XCBuildConfiguration section */

/* Begin XCConfigurationList section */
		8393B4A91F248E4100598492 /* Build configuration list for PBXProject "BirdFly" */ = {
			isa = XCConfigurationList;
			buildConfigurations = (
				8393B4BE1F248E4100598492 /* Debug */,
				8393B4BF1F248E4100598492 /* Release */,
			);
			defaultConfigurationIsVisible = 0;
			defaultConfigurationName = Release;
		};
		8393B4C01F248E4100598492 /* Build configuration list for PBXNativeTarget "BirdFly" */ = {
			isa = XCConfigurationList;
			buildConfigurations = (
				8393B4C11F248E4100598492 /* Debug */,
				8393B4C21F248E4100598492 /* Release */,
			);
			defaultConfigurationIsVisible = 0;
			defaultConfigurationName = Release;
		};
/* End XCConfigurationList section */
	};
	rootObject = 8393B4A61F248E4100598492 /* Project object */;
}
